
Microsoft Visual Studio Solution File, Format Version 12.00
# Visual Studio Version 17
VisualStudioVersion = 17.9.34902.65
MinimumVisualStudioVersion = 10.0.40219.1
Project("{FAE04EC0-301F-11D3-BF4B-00C04F79EFBC}") = "FAQ_webapp", "FAQ_webapp.csproj", "{908843D7-DCC7-4DDE-BC67-40843DBF88FD}"
EndProject
Global
	GlobalSection(SolutionConfigurationPlatforms) = preSolution
		Debug|Any CPU = Debug|Any CPU
		Release|Any CPU = Release|Any CPU
	EndGlobalSection
	GlobalSection(ProjectConfigurationPlatforms) = postSolution
		{908843D7-DCC7-4DDE-BC67-40843DBF88FD}.Debug|Any CPU.ActiveCfg = Debug|Any CPU
		{908843D7-DCC7-4DDE-BC67-40843DBF88FD}.Debug|Any CPU.Build.0 = Debug|Any CPU
		{908843D7-DCC7-4DDE-BC67-40843DBF88FD}.Release|Any CPU.ActiveCfg = Release|Any CPU
		{908843D7-DCC7-4DDE-BC67-40843DBF88FD}.Release|Any CPU.Build.0 = Release|Any CPU
	EndGlobalSection
	GlobalSection(SolutionProperties) = preSolution
		HideSolutionNode = FALSE
	EndGlobalSection
	GlobalSection(ExtensibilityGlobals) = postSolution
		SolutionGuid = {EE469BF4-52E5-466C-BD3E-6B13364031DC}
	EndGlobalSection
EndGlobal
